
Microsoft Visual Studio Solution File, Format Version 12.00
# Visual Studio Version 16
VisualStudioVersion = 16.0.31624.102
MinimumVisualStudioVersion = 10.0.40219.1
Project("{9A19103F-16F7-4668-BE54-9A1E7A4F7556}") = "lab2_stack", "lab1_list\lab2_stack.csproj", "{B74191B1-7EB4-49AF-8D3A-01F585625254}"
EndProject
Global
	GlobalSection(SolutionConfigurationPlatforms) = preSolution
		Debug|Any CPU = Debug|Any CPU
		Release|Any CPU = Release|Any CPU
	EndGlobalSection
	GlobalSection(ProjectConfigurationPlatforms) = postSolution
		{B74191B1-7EB4-49AF-8D3A-01F585625254}.Debug|Any CPU.ActiveCfg = Debug|Any CPU
		{B74191B1-7EB4-49AF-8D3A-01F585625254}.Debug|Any CPU.Build.0 = Debug|Any CPU
		{B74191B1-7EB4-49AF-8D3A-01F585625254}.Release|Any CPU.ActiveCfg = Release|Any CPU
		{B74191B1-7EB4-49AF-8D3A-01F585625254}.Release|Any CPU.Build.0 = Release|Any CPU
	EndGlobalSection
	GlobalSection(SolutionProperties) = preSolution
		HideSolutionNode = FALSE
	EndGlobalSection
	GlobalSection(ExtensibilityGlobals) = postSolution
		SolutionGuid = {44151903-2785-4415-A275-C335A1A2C836}
	EndGlobalSection
EndGlobal
